lockVersion: 2.0.0
id: 59dcfa56-8330-4162-8246-092811fc63e8
management:
  docChecksum: abec2e5d6ba7e601ebea49216ad818c9
  docVersion: v1
  speakeasyVersion: 1.598.3
  generationVersion: 2.674.3
  releaseVersion: 0.3.0
  configChecksum: 18d90df5eabb64218ad1dbfe57905c67
features:
  python:
    additionalDependencies: 1.0.0
    core: 5.19.7
    defaultEnabledRetries: 0.2.0
    devContainers: 3.0.0
    enumUnions: 0.1.0
    envVarSecurityUsage: 0.3.2
    flatRequests: 1.0.1
    flattening: 3.1.1
    globalSecurity: 3.0.3
    globalSecurityCallbacks: 1.0.0
    globalServerURLs: 3.1.1
    groups: 3.0.0
    methodArguments: 1.0.2
    nameOverrides: 3.0.1
    responseFormat: 1.0.1
    retries: 3.0.2
    sdkHooks: 1.1.0
    unions: 3.0.4
generatedFiles:
  - .devcontainer/README.md
  - .devcontainer/devcontainer.json
  - .devcontainer/setup.sh
  - .gitattributes
  - .vscode/settings.json
  - USAGE.md
  - docs/models/cancelsubscriptionrequest.md
  - docs/models/createproductfrequencyunit.md
  - docs/models/createproductplan.md
  - docs/models/createproductrequest.md
  - docs/models/createproductresponse.md
  - docs/models/frequencyunit.md
  - docs/models/getplansrequest.md
  - docs/models/getplansresponse.md
  - docs/models/getproductrequest.md
  - docs/models/getsubscriptionrequest.md
  - docs/models/listproductsresponse.md
  - docs/models/listsubscriptionordersrequest.md
  - docs/models/listsubscriptionordersresponse.md
  - docs/models/listsubscriptionsrequest.md
  - docs/models/listsubscriptionsresponse.md
  - docs/models/orderid.md
  - docs/models/plan.md
  - docs/models/postv1subscriptionssubscriptionidpauserequest.md
  - docs/models/postv1subscriptionssubscriptionidunpauserequest.md
  - docs/models/product.md
  - docs/models/security.md
  - docs/models/subscription.md
  - docs/models/subscriptionorder.md
  - docs/models/subscriptionorderstatus.md
  - docs/models/subscriptionstatus.md
  - docs/models/success.md
  - docs/models/utils/retryconfig.md
  - docs/sdks/bolt/README.md
  - docs/sdks/plans/README.md
  - docs/sdks/products/README.md
  - docs/sdks/subscriptionorders/README.md
  - docs/sdks/subscriptions/README.md
  - poetry.toml
  - py.typed
  - pylintrc
  - pyproject.toml
  - scripts/publish.sh
  - src/bolt_api_sdk/__init__.py
  - src/bolt_api_sdk/_hooks/__init__.py
  - src/bolt_api_sdk/_hooks/sdkhooks.py
  - src/bolt_api_sdk/_hooks/types.py
  - src/bolt_api_sdk/_version.py
  - src/bolt_api_sdk/basesdk.py
  - src/bolt_api_sdk/errors/__init__.py
  - src/bolt_api_sdk/errors/apierror.py
  - src/bolt_api_sdk/errors/bolterror.py
  - src/bolt_api_sdk/errors/no_response_error.py
  - src/bolt_api_sdk/errors/responsevalidationerror.py
  - src/bolt_api_sdk/httpclient.py
  - src/bolt_api_sdk/models/__init__.py
  - src/bolt_api_sdk/models/cancelsubscriptionop.py
  - src/bolt_api_sdk/models/createproductop.py
  - src/bolt_api_sdk/models/getplansop.py
  - src/bolt_api_sdk/models/getproductop.py
  - src/bolt_api_sdk/models/getsubscriptionop.py
  - src/bolt_api_sdk/models/listproductsop.py
  - src/bolt_api_sdk/models/listsubscriptionordersop.py
  - src/bolt_api_sdk/models/listsubscriptionsop.py
  - src/bolt_api_sdk/models/plan.py
  - src/bolt_api_sdk/models/post_v1_subscriptions_subscriptionid_pauseop.py
  - src/bolt_api_sdk/models/post_v1_subscriptions_subscriptionid_unpauseop.py
  - src/bolt_api_sdk/models/product.py
  - src/bolt_api_sdk/models/security.py
  - src/bolt_api_sdk/models/subscription.py
  - src/bolt_api_sdk/models/subscriptionorder.py
  - src/bolt_api_sdk/models/success.py
  - src/bolt_api_sdk/plans.py
  - src/bolt_api_sdk/products.py
  - src/bolt_api_sdk/py.typed
  - src/bolt_api_sdk/sdk.py
  - src/bolt_api_sdk/sdkconfiguration.py
  - src/bolt_api_sdk/subscriptionorders.py
  - src/bolt_api_sdk/subscriptions.py
  - src/bolt_api_sdk/types/__init__.py
  - src/bolt_api_sdk/types/basemodel.py
  - src/bolt_api_sdk/utils/__init__.py
  - src/bolt_api_sdk/utils/annotations.py
  - src/bolt_api_sdk/utils/datetimes.py
  - src/bolt_api_sdk/utils/enums.py
  - src/bolt_api_sdk/utils/eventstreaming.py
  - src/bolt_api_sdk/utils/forms.py
  - src/bolt_api_sdk/utils/headers.py
  - src/bolt_api_sdk/utils/logger.py
  - src/bolt_api_sdk/utils/metadata.py
  - src/bolt_api_sdk/utils/queryparams.py
  - src/bolt_api_sdk/utils/requestbodies.py
  - src/bolt_api_sdk/utils/retries.py
  - src/bolt_api_sdk/utils/security.py
  - src/bolt_api_sdk/utils/serializers.py
  - src/bolt_api_sdk/utils/unmarshal_json_response.py
  - src/bolt_api_sdk/utils/url.py
  - src/bolt_api_sdk/utils/values.py
examples:
  createProduct:
    speakeasy-default-create-product:
      requestBody:
        application/json: {"name": "Bolt Subscription Product", "description": "This is a subscription product.", "brand": "Bolt", "sku": "BOLT-12345", "unit_price": 1999, "images": ["https://example.com/image1.jpg", "https://example.com/image2.jpg"], "plans": [{"sku": "BOLT-PLAN-12345", "name": "Monthly Subscription", "frequency": 1, "frequency_unit": "month"}]}
      responses:
        "200":
          application/json: {"product": {"id": "sp_Tlj0Osm0N76T", "name": "Bolt Subscription Product", "description": "This is a subscription product.", "sku": "BOLT-12345", "created_at": "2023-10-01T12:00:00Z", "updated_at": "2023-10-01T12:00:00Z", "plans": [{"id": "spl_ba_PpkW16oIW", "name": "Monthly Subscription", "sku": "BOLT-12345", "created_at": "2023-10-01T12:00:00Z", "updated_at": "2023-10-01T12:00:00Z", "frequency": 1, "product_id": "sp_Tlj0Osm0N76T", "frequency_unit": "month", "checkout_link": "https://your_site.c.bolt.com/g?merchant_product_id=37&merchant_variant_id=67&publishable_key=BQ9PKQksUGtj.Q9LwVLfV3WF4.32122926f7b9651a416a5099dc92dc2b4c87c8b922c114229f83b345d65f1195"}], "images": ["https://example.com/image1.jpg", "https://example.com/image2.jpg"]}}
  listProducts:
    speakeasy-default-list-products:
      responses:
        "200":
          application/json: {"products": [{"id": "sp_Tlj0Osm0N76T", "name": "Bolt Subscription Product", "description": "This is a subscription product.", "sku": "BOLT-12345", "created_at": "2023-10-01T12:00:00Z", "updated_at": "2023-10-01T12:00:00Z", "plans": [{"id": "spl_ba_PpkW16oIW", "name": "Monthly Subscription", "sku": "BOLT-12345", "created_at": "2023-10-01T12:00:00Z", "updated_at": "2023-10-01T12:00:00Z", "frequency": 1, "product_id": "sp_Tlj0Osm0N76T", "frequency_unit": "month", "checkout_link": "https://your_site.c.bolt.com/g?merchant_product_id=37&merchant_variant_id=67&publishable_key=BQ9PKQksUGtj.Q9LwVLfV3WF4.32122926f7b9651a416a5099dc92dc2b4c87c8b922c114229f83b345d65f1195"}], "images": ["https://example.com/image1.jpg", "https://example.com/image2.jpg"]}]}
  getProduct:
    speakeasy-default-get-product:
      parameters:
        path:
          productId: "681031"
      responses:
        "200":
          application/json: {"id": "sp_Tlj0Osm0N76T", "name": "Bolt Subscription Product", "description": "This is a subscription product.", "sku": "BOLT-12345", "created_at": "2023-10-01T12:00:00Z", "updated_at": "2023-10-01T12:00:00Z", "plans": [{"id": "spl_ba_PpkW16oIW", "name": "Monthly Subscription", "sku": "BOLT-12345", "created_at": "2023-10-01T12:00:00Z", "updated_at": "2023-10-01T12:00:00Z", "frequency": 1, "product_id": "sp_Tlj0Osm0N76T", "frequency_unit": "month", "checkout_link": "https://your_site.c.bolt.com/g?merchant_product_id=37&merchant_variant_id=67&publishable_key=BQ9PKQksUGtj.Q9LwVLfV3WF4.32122926f7b9651a416a5099dc92dc2b4c87c8b922c114229f83b345d65f1195"}], "images": ["https://example.com/image1.jpg", "https://example.com/image2.jpg"]}
  getPlans:
    speakeasy-default-get-plans:
      parameters:
        query:
          merchant_product_id: "<id>"
      responses:
        "200":
          application/json: {"plans": [{"id": "spl_ba_PpkW16oIW", "name": "Monthly Subscription", "sku": "BOLT-12345", "created_at": "2023-10-01T12:00:00Z", "updated_at": "2023-10-01T12:00:00Z", "frequency": 1, "product_id": "sp_Tlj0Osm0N76T", "frequency_unit": "month", "checkout_link": "https://your_site.c.bolt.com/g?merchant_product_id=37&merchant_variant_id=67&publishable_key=BQ9PKQksUGtj.Q9LwVLfV3WF4.32122926f7b9651a416a5099dc92dc2b4c87c8b922c114229f83b345d65f1195"}]}
  post_/v1/subscriptions/{subscriptionId}/pause:
    speakeasy-default-post-/v1-/subscriptions/{subscription-id}/pause:
      parameters:
        path:
          subscriptionId: "921987"
      responses:
        "200":
          application/json: {}
  post_/v1/subscriptions/{subscriptionId}/unpause:
    speakeasy-default-post-/v1-/subscriptions/{subscription-id}/unpause:
      parameters:
        path:
          subscriptionId: "438513"
      responses:
        "200":
          application/json: {}
  cancelSubscription:
    speakeasy-default-cancel-subscription:
      parameters:
        path:
          subscriptionId: "111224"
      responses:
        "200":
          application/json: {}
  getSubscription:
    speakeasy-default-get-subscription:
      parameters:
        path:
          subscriptionId: "186713"
      responses:
        "200":
          application/json: {"id": "s_1234567890", "subscription_plan_id": "spl_ba_PpkW16oIW", "status": "active", "plan": {"id": "spl_ba_PpkW16oIW", "name": "Monthly Subscription", "sku": "BOLT-12345", "created_at": "2023-10-01T12:00:00Z", "updated_at": "2023-10-01T12:00:00Z", "frequency": 1, "product_id": "sp_Tlj0Osm0N76T", "frequency_unit": "month", "checkout_link": "https://your_site.c.bolt.com/g?merchant_product_id=37&merchant_variant_id=67&publishable_key=BQ9PKQksUGtj.Q9LwVLfV3WF4.32122926f7b9651a416a5099dc92dc2b4c87c8b922c114229f83b345d65f1195"}}
  listSubscriptions:
    speakeasy-default-list-subscriptions:
      responses:
        "200":
          application/json: {"subscriptions": [{"id": "s_1234567890", "subscription_plan_id": "spl_ba_PpkW16oIW", "status": "active", "plan": {"id": "spl_ba_PpkW16oIW", "name": "Monthly Subscription", "sku": "BOLT-12345", "created_at": "2023-10-01T12:00:00Z", "updated_at": "2023-10-01T12:00:00Z", "frequency": 1, "product_id": "sp_Tlj0Osm0N76T", "frequency_unit": "month", "checkout_link": "https://your_site.c.bolt.com/g?merchant_product_id=37&merchant_variant_id=67&publishable_key=BQ9PKQksUGtj.Q9LwVLfV3WF4.32122926f7b9651a416a5099dc92dc2b4c87c8b922c114229f83b345d65f1195"}}]}
  listSubscriptionOrders:
    speakeasy-default-list-subscription-orders:
      responses:
        "200":
          application/json: {"orders": [{"id": "so_Vni2CsDCpT0r", "subscription_id": "s_711BJEHgNnGB", "order_id": "sr_1BHyrSbeQiKwdyQ_49_bdw", "status": "active"}]}
examplesVersion: 1.0.2
