speakeasyVersion: 1.598.3
sources:
    Subscriptions API:
        sourceNamespace: subscriptions-api
        sourceRevisionDigest: sha256:e617088551fc0371a95717d18f22b8fd2bf499cd2e7fe055e5d4e7f4e74d5f8e
        sourceBlobDigest: sha256:4bad90deedeb8a2e0a48ebd5446f1056436f1c18bb4c88b8cd3735d075f95510
        tags:
            - latest
            - v1
targets:
    bolt:
        source: Subscriptions API
        sourceNamespace: subscriptions-api
        sourceRevisionDigest: sha256:e617088551fc0371a95717d18f22b8fd2bf499cd2e7fe055e5d4e7f4e74d5f8e
        sourceBlobDigest: sha256:4bad90deedeb8a2e0a48ebd5446f1056436f1c18bb4c88b8cd3735d075f95510
        codeSamplesNamespace: subscriptions-api-python-code-samples
        codeSamplesRevisionDigest: sha256:09ecade3c1374fe1e0e44e0a6ab5b448fc0968c20e9e079d5d8c75998d4a090a
workflow:
    workflowVersion: 1.0.0
    speakeasyVersion: latest
    sources:
        Subscriptions API:
            inputs:
                - location: /Users/ntapaswi/Bolt/Bolt-Python-SDK/subscriptions.spec.yml
            overlays:
                - location: .speakeasy/speakeasy-modifications-overlay.yaml
            output: .speakeasy/out.openapi.yaml
            registry:
                location: registry.speakeasyapi.dev/bolt/boltpublicapi/subscriptions-api
    targets:
        bolt:
            target: python
            source: Subscriptions API
            codeSamples:
                registry:
                    location: registry.speakeasyapi.dev/bolt/boltpublicapi/subscriptions-api-python-code-samples
                labelOverride:
                    fixedValue: Python (SDK)
                blocking: false
