speakeasyVersion: 1.589.0
sources:
    Subscriptions API:
        sourceNamespace: subscriptions-api
        sourceRevisionDigest: sha256:33e271622a4846fc722c3c2dfb1a4d0ba7f37e7ee61d6add9005db5963ebd357
        sourceBlobDigest: sha256:861745d74c991d3891a809d547043d4820bf95c222bf3419baa4343f7e6adb1b
        tags:
            - latest
            - v1
targets:
    bolt:
        source: Subscriptions API
        sourceNamespace: subscriptions-api
        sourceRevisionDigest: sha256:33e271622a4846fc722c3c2dfb1a4d0ba7f37e7ee61d6add9005db5963ebd357
        sourceBlobDigest: sha256:861745d74c991d3891a809d547043d4820bf95c222bf3419baa4343f7e6adb1b
        codeSamplesNamespace: subscriptions-api-python-code-samples
        codeSamplesRevisionDigest: sha256:ac6e1a55061937361b0b77a6fded4e57ae60e90ce8bfc37dbab58bceb814edce
workflow:
    workflowVersion: 1.0.0
    speakeasyVersion: latest
    sources:
        Subscriptions API:
            inputs:
                - location: /Users/ntapaswi/Bolt/Bolt-Python-SDK/subscriptions.spec.yml
            overlays:
                - location: .speakeasy/speakeasy-modifications-overlay.yaml
            output: .speakeasy/out.openapi.yaml
            registry:
                location: registry.speakeasyapi.dev/bolt/boltpublicapi/subscriptions-api
    targets:
        bolt:
            target: python
            source: Subscriptions API
            codeSamples:
                registry:
                    location: registry.speakeasyapi.dev/bolt/boltpublicapi/subscriptions-api-python-code-samples
                labelOverride:
                    fixedValue: Python (SDK)
                blocking: false
